
Microsoft Visual Studio Solution File, Format Version 12.00
# Visual Studio Version 17
VisualStudioVersion = 17.4.33103.184
MinimumVisualStudioVersion = 10.0.40219.1
Project("{FAE04EC0-301F-11D3-BF4B-00C04F79EFBC}") = "JDBC", "JDBC\JDBC.csproj", "{0A9118A7-8322-49A1-9D18-307D6B614E73}"
EndProject
Project("{FAE04EC0-301F-11D3-BF4B-00C04F79EFBC}") = "DAL", "DAL\DAL.csproj", "{1BCF234A-0D69-4407-99AF-244441BD8D86}"
EndProject
Global
	GlobalSection(SolutionConfigurationPlatforms) = preSolution
		Debug|Any CPU = Debug|Any CPU
		Release|Any CPU = Release|Any CPU
	EndGlobalSection
	GlobalSection(ProjectConfigurationPlatforms) = postSolution
		{0A9118A7-8322-49A1-9D18-307D6B614E73}.Debug|Any CPU.ActiveCfg = Debug|Any CPU
		{0A9118A7-8322-49A1-9D18-307D6B614E73}.Debug|Any CPU.Build.0 = Debug|Any CPU
		{0A9118A7-8322-49A1-9D18-307D6B614E73}.Release|Any CPU.ActiveCfg = Release|Any CPU
		{0A9118A7-8322-49A1-9D18-307D6B614E73}.Release|Any CPU.Build.0 = Release|Any CPU
		{1BCF234A-0D69-4407-99AF-244441BD8D86}.Debug|Any CPU.ActiveCfg = Debug|Any CPU
		{1BCF234A-0D69-4407-99AF-244441BD8D86}.Debug|Any CPU.Build.0 = Debug|Any CPU
		{1BCF234A-0D69-4407-99AF-244441BD8D86}.Release|Any CPU.ActiveCfg = Release|Any CPU
		{1BCF234A-0D69-4407-99AF-244441BD8D86}.Release|Any CPU.Build.0 = Release|Any CPU
	EndGlobalSection
	GlobalSection(SolutionProperties) = preSolution
		HideSolutionNode = FALSE
	EndGlobalSection
	GlobalSection(ExtensibilityGlobals) = postSolution
		SolutionGuid = {29872009-6E99-4E03-BEC0-A284BFE6C547}
	EndGlobalSection
EndGlobal
